{
	"name": "client",
	"lockfileVersion": 2,
	"requires": true,
	"packages": {
		"": {
			"name": "client",
			"dependencies": {
				"nanoid": "^3.2.0"
			},
			"devDependencies": {
				"@types/node": "17.0.8",
				"typescript": "4.5.4"
			}
		},
		"node_modules/@types/node": {
			"version": "17.0.8",
			"resolved": "https://registry.npmjs.org/@types/node/-/node-17.0.8.tgz",
			"integrity": "sha512-YofkM6fGv4gDJq78g4j0mMuGMkZVxZDgtU0JRdx6FgiJDG+0fY0GKVolOV8WqVmEhLCXkQRjwDdKyPxJp/uucg==",
			"dev": true
		},
		"node_modules/nanoid": {
			"version": "3.3.1",
			"resolved": "https://registry.npmjs.org/nanoid/-/nanoid-3.3.1.tgz",
			"integrity": "sha512-n6Vs/3KGyxPQd6uO0eH4Bv0ojGSUvuLlIHtC3Y0kEO23YRge8H9x1GCzLn28YX0H66pMkxuaeESFq4tKISKwdw==",
			"bin": {
				"nanoid": "bin/nanoid.cjs"
			},
			"engines": {
				"node": "^10 || ^12 || ^13.7 || ^14 || >=15.0.1"
			}
		},
		"node_modules/typescript": {
			"version": "4.5.4",
			"resolved": "https://registry.npmjs.org/typescript/-/typescript-4.5.4.tgz",
			"integrity": "sha512-VgYs2A2QIRuGphtzFV7aQJduJ2gyfTljngLzjpfW9FoYZF6xuw1W0vW9ghCKLfcWrCFxK81CSGRAvS1pn4fIUg==",
			"dev": true,
			"bin": {
				"tsc": "bin/tsc",
				"tsserver": "bin/tsserver"
			},
			"engines": {
				"node": ">=4.2.0"
			}
		}
	},
	"dependencies": {
		"@types/node": {
			"version": "17.0.8",
			"resolved": "https://registry.npmjs.org/@types/node/-/node-17.0.8.tgz",
			"integrity": "sha512-YofkM6fGv4gDJq78g4j0mMuGMkZVxZDgtU0JRdx6FgiJDG+0fY0GKVolOV8WqVmEhLCXkQRjwDdKyPxJp/uucg==",
			"dev": true
		},
		"nanoid": {
			"version": "3.3.1",
			"resolved": "https://registry.npmjs.org/nanoid/-/nanoid-3.3.1.tgz",
			"integrity": "sha512-n6Vs/3KGyxPQd6uO0eH4Bv0ojGSUvuLlIHtC3Y0kEO23YRge8H9x1GCzLn28YX0H66pMkxuaeESFq4tKISKwdw=="
		},
		"typescript": {
			"version": "4.5.4",
			"resolved": "https://registry.npmjs.org/typescript/-/typescript-4.5.4.tgz",
			"integrity": "sha512-VgYs2A2QIRuGphtzFV7aQJduJ2gyfTljngLzjpfW9FoYZF6xuw1W0vW9ghCKLfcWrCFxK81CSGRAvS1pn4fIUg==",
			"dev": true
		}
	}
}
